
Microsoft Visual Studio Solution File, Format Version 12.00
# Visual Studio Version 16
VisualStudioVersion = 16.0.30413.136
MinimumVisualStudioVersion = 10.0.40219.1
Project("{FAE04EC0-301F-11D3-BF4B-00C04F79EFBC}") = "Hansot_kiosk", "Hansot_kiosk\Hansot_kiosk.csproj", "{76ECD7C6-BA4E-4221-AD51-CCC66F6DC052}"
EndProject
Project("{FAE04EC0-301F-11D3-BF4B-00C04F79EFBC}") = "KQRCode", "KQRCode\KQRCode.csproj", "{62F1B37E-4BB2-442B-99A7-36279C5C0F3F}"
EndProject
Global
	GlobalSection(SolutionConfigurationPlatforms) = preSolution
		Debug|Any CPU = Debug|Any CPU
		Release|Any CPU = Release|Any CPU
	EndGlobalSection
	GlobalSection(ProjectConfigurationPlatforms) = postSolution
		{76ECD7C6-BA4E-4221-AD51-CCC66F6DC052}.Debug|Any CPU.ActiveCfg = Debug|Any CPU
		{76ECD7C6-BA4E-4221-AD51-CCC66F6DC052}.Debug|Any CPU.Build.0 = Debug|Any CPU
		{76ECD7C6-BA4E-4221-AD51-CCC66F6DC052}.Release|Any CPU.ActiveCfg = Release|Any CPU
		{76ECD7C6-BA4E-4221-AD51-CCC66F6DC052}.Release|Any CPU.Build.0 = Release|Any CPU
		{62F1B37E-4BB2-442B-99A7-36279C5C0F3F}.Debug|Any CPU.ActiveCfg = Debug|Any CPU
		{62F1B37E-4BB2-442B-99A7-36279C5C0F3F}.Debug|Any CPU.Build.0 = Debug|Any CPU
		{62F1B37E-4BB2-442B-99A7-36279C5C0F3F}.Release|Any CPU.ActiveCfg = Release|Any CPU
		{62F1B37E-4BB2-442B-99A7-36279C5C0F3F}.Release|Any CPU.Build.0 = Release|Any CPU
	EndGlobalSection
	GlobalSection(SolutionProperties) = preSolution
		HideSolutionNode = FALSE
	EndGlobalSection
	GlobalSection(ExtensibilityGlobals) = postSolution
		SolutionGuid = {03205B26-6433-4C20-B0CF-7E1A48D567DD}
	EndGlobalSection
EndGlobal
